// !$*UTF8*$!
{
	archiveVersion = 1;
	classes = {
	};
	objectVersion = 51;
	objects = {

/* Begin PBXBuildFile section */
		042E8ABF25391EB500EDC624 /* AppDelegate.swift in Sources */ = {isa = PBXBuildFile; fileRef = 042E8ABE25391EB500EDC624 /* AppDelegate.swift */; };
		042E8AC125391EB500EDC624 /* SceneDelegate.swift in Sources */ = {isa = PBXBuildFile; fileRef = 042E8AC025391EB500EDC624 /* SceneDelegate.swift */; };
		042E8AC325391EB500EDC624 /* ContentView.swift in Sources */ = {isa = PBXBuildFile; fileRef = 042E8AC225391EB500EDC624 /* ContentView.swift */; };
		042E8AC525391EB500EDC624 /* Assets.xcassets in Resources */ = {isa = PBXBuildFile; fileRef = 042E8AC425391EB500EDC624 /* Assets.xcassets */; };
		042E8AC825391EB500EDC624 /* Preview Assets.xcassets in Resources */ = {isa = PBXBuildFile; fileRef = 042E8AC725391EB500EDC624 /* Preview Assets.xcassets */; };
		042E8ACB25391EB500EDC624 /* LaunchScreen.storyboard in Resources */ = {isa = PBXBuildFile; fileRef = 042E8AC925391EB500EDC624 /* LaunchScreen.storyboard */; };
		042E8AD625392CC900EDC624 /* ChatsView.swift in Sources */ = {isa = PBXBuildFile; fileRef = 042E8AD525392CC900EDC624 /* ChatsView.swift */; };
		042E8ADB25392D9800EDC624 /* GoogleService-Info.plist in Resources */ = {isa = PBXBuildFile; fileRef = 042E8ADA25392D9800EDC624 /* GoogleService-Info.plist */; };
		042E8AF625392E2300EDC624 /* LoginView.swift in Sources */ = {isa = PBXBuildFile; fileRef = 042E8AF525392E2300EDC624 /* LoginView.swift */; };
		042E8AF925392E2D00EDC624 /* RegisterView.swift in Sources */ = {isa = PBXBuildFile; fileRef = 042E8AF825392E2D00EDC624 /* RegisterView.swift */; };
		042E8AFC253934B900EDC624 /* IntroView.swift in Sources */ = {isa = PBXBuildFile; fileRef = 042E8AFB253934B900EDC624 /* IntroView.swift */; };
		042E8AFF2539354800EDC624 /* MainContainer.swift in Sources */ = {isa = PBXBuildFile; fileRef = 042E8AFE2539354800EDC624 /* MainContainer.swift */; };
		042E8B0325393A0500EDC624 /* SettingsView.swift in Sources */ = {isa = PBXBuildFile; fileRef = 042E8B0225393A0500EDC624 /* SettingsView.swift */; };
		042E8B0625393CFB00EDC624 /* ProfileView.swift in Sources */ = {isa = PBXBuildFile; fileRef = 042E8B0525393CFB00EDC624 /* ProfileView.swift */; };
		042E8B09253946FE00EDC624 /* User.swift in Sources */ = {isa = PBXBuildFile; fileRef = 042E8B08253946FE00EDC624 /* User.swift */; };
		042E8B0E2539482000EDC624 /* Networking.swift in Sources */ = {isa = PBXBuildFile; fileRef = 042E8B0D2539482000EDC624 /* Networking.swift */; };
		209AA65945F84298DB4BB421 /* Pods_whatsup.framework in Frameworks */ = {isa = PBXBuildFile; fileRef = AEA3C8EA7DF3B455A8B512F6 /* Pods_whatsup.framework */; };
/* End PBXBuildFile section */

/* Begin PBXFileReference section */
		042E8ABB25391EB500EDC624 /* whatsup.app */ = {isa = PBXFileReference; explicitFileType = wrapper.application; includeInIndex = 0; path = whatsup.app; sourceTree = BUILT_PRODUCTS_DIR; };
		042E8ABE25391EB500EDC624 /* AppDelegate.swift */ = {isa = PBXFileReference; lastKnownFileType = sourcecode.swift; path = AppDelegate.swift; sourceTree = "<group>"; };
		042E8AC025391EB500EDC624 /* SceneDelegate.swift */ = {isa = PBXFileReference; lastKnownFileType = sourcecode.swift; path = SceneDelegate.swift; sourceTree = "<group>"; };
		042E8AC225391EB500EDC624 /* ContentView.swift */ = {isa = PBXFileReference; lastKnownFileType = sourcecode.swift; path = ContentView.swift; sourceTree = "<group>"; };
		042E8AC425391EB500EDC624 /* Assets.xcassets */ = {isa = PBXFileReference; lastKnownFileType = folder.assetcatalog; path = Assets.xcassets; sourceTree = "<group>"; };
		042E8AC725391EB500EDC624 /* Preview Assets.xcassets */ = {isa = PBXFileReference; lastKnownFileType = folder.assetcatalog; path = "Preview Assets.xcassets"; sourceTree = "<group>"; };
		042E8ACA25391EB500EDC624 /* Base */ = {isa = PBXFileReference; lastKnownFileType = file.storyboard; name = Base; path = Base.lproj/LaunchScreen.storyboard; sourceTree = "<group>"; };
		042E8ACC25391EB500EDC624 /* Info.plist */ = {isa = PBXFileReference; lastKnownFileType = text.plist.xml; path = Info.plist; sourceTree = "<group>"; };
		042E8AD525392CC900EDC624 /* ChatsView.swift */ = {isa = PBXFileReference; lastKnownFileType = sourcecode.swift; path = ChatsView.swift; sourceTree = "<group>"; };
		042E8ADA25392D9800EDC624 /* GoogleService-Info.plist */ = {isa = PBXFileReference; fileEncoding = 4; lastKnownFileType = text.plist.xml; path = "GoogleService-Info.plist"; sourceTree = "<group>"; };
		042E8AF525392E2300EDC624 /* LoginView.swift */ = {isa = PBXFileReference; lastKnownFileType = sourcecode.swift; path = LoginView.swift; sourceTree = "<group>"; };
		042E8AF825392E2D00EDC624 /* RegisterView.swift */ = {isa = PBXFileReference; lastKnownFileType = sourcecode.swift; path = RegisterView.swift; sourceTree = "<group>"; };
		042E8AFB253934B900EDC624 /* IntroView.swift */ = {isa = PBXFileReference; lastKnownFileType = sourcecode.swift; path = IntroView.swift; sourceTree = "<group>"; };
		042E8AFE2539354800EDC624 /* MainContainer.swift */ = {isa = PBXFileReference; lastKnownFileType = sourcecode.swift; path = MainContainer.swift; sourceTree = "<group>"; };
		042E8B0225393A0500EDC624 /* SettingsView.swift */ = {isa = PBXFileReference; lastKnownFileType = sourcecode.swift; path = SettingsView.swift; sourceTree = "<group>"; };
		042E8B0525393CFB00EDC624 /* ProfileView.swift */ = {isa = PBXFileReference; lastKnownFileType = sourcecode.swift; path = ProfileView.swift; sourceTree = "<group>"; };
		042E8B08253946FE00EDC624 /* User.swift */ = {isa = PBXFileReference; lastKnownFileType = sourcecode.swift; path = User.swift; sourceTree = "<group>"; };
		042E8B0D2539482000EDC624 /* Networking.swift */ = {isa = PBXFileReference; lastKnownFileType = sourcecode.swift; path = Networking.swift; sourceTree = "<group>"; };
		304ACC104F1F8D283884D9ED /* Pods-whatsup.release.xcconfig */ = {isa = PBXFileReference; includeInIndex = 1; lastKnownFileType = text.xcconfig; name = "Pods-whatsup.release.xcconfig"; path = "Target Support Files/Pods-whatsup/Pods-whatsup.release.xcconfig"; sourceTree = "<group>"; };
		5DA5C6B8DC5BFB56CBBC7F32 /* Pods-whatsup.debug.xcconfig */ = {isa = PBXFileReference; includeInIndex = 1; lastKnownFileType = text.xcconfig; name = "Pods-whatsup.debug.xcconfig"; path = "Target Support Files/Pods-whatsup/Pods-whatsup.debug.xcconfig"; sourceTree = "<group>"; };
		AEA3C8EA7DF3B455A8B512F6 /* Pods_whatsup.framework */ = {isa = PBXFileReference; explicitFileType = wrapper.framework; includeInIndex = 0; path = Pods_whatsup.framework; sourceTree = BUILT_PRODUCTS_DIR; };
/* End PBXFileReference section */

/* Begin PBXFrameworksBuildPhase section */
		042E8AB825391EB500EDC624 /* Frameworks */ = {
			isa = PBXFrameworksBuildPhase;
			buildActionMask = 2147483647;
			files = (
				209AA65945F84298DB4BB421 /* Pods_whatsup.framework in Frameworks */,
			);
			runOnlyForDeploymentPostprocessing = 0;
		};
/* End PBXFrameworksBuildPhase section */

/* Begin PBXGroup section */
		042E8AB225391EB500EDC624 = {
			isa = PBXGroup;
			children = (
				042E8ABD25391EB500EDC624 /* whatsup */,
				042E8ABC25391EB500EDC624 /* Products */,
				C4F9E549750CEDEFF76C6D53 /* Pods */,
				C78D814533FC5E3FDE048628 /* Frameworks */,
			);
			sourceTree = "<group>";
		};
		042E8ABC25391EB500EDC624 /* Products */ = {
			isa = PBXGroup;
			children = (
				042E8ABB25391EB500EDC624 /* whatsup.app */,
			);
			name = Products;
			sourceTree = "<group>";
		};
		042E8ABD25391EB500EDC624 /* whatsup */ = {
			isa = PBXGroup;
			children = (
				042E8ABE25391EB500EDC624 /* AppDelegate.swift */,
				042E8AC025391EB500EDC624 /* SceneDelegate.swift */,
				042E8AD325392C8B00EDC624 /* View */,
				042E8AD825392D3D00EDC624 /* Main */,
				042E8B0B2539470100EDC624 /* Model */,
				042E8AC425391EB500EDC624 /* Assets.xcassets */,
				042E8AC925391EB500EDC624 /* LaunchScreen.storyboard */,
				042E8ACC25391EB500EDC624 /* Info.plist */,
				042E8ADA25392D9800EDC624 /* GoogleService-Info.plist */,
				042E8AC625391EB500EDC624 /* Preview Content */,
			);
			path = whatsup;
			sourceTree = "<group>";
		};
		042E8AC625391EB500EDC624 /* Preview Content */ = {
			isa = PBXGroup;
			children = (
				042E8AC725391EB500EDC624 /* Preview Assets.xcassets */,
			);
			path = "Preview Content";
			sourceTree = "<group>";
		};
		042E8AD325392C8B00EDC624 /* View */ = {
			isa = PBXGroup;
			children = (
				042E8AC225391EB500EDC624 /* ContentView.swift */,
				042E8AF525392E2300EDC624 /* LoginView.swift */,
				042E8AF825392E2D00EDC624 /* RegisterView.swift */,
				042E8AFB253934B900EDC624 /* IntroView.swift */,
			);
			path = View;
			sourceTree = "<group>";
		};
		042E8AD825392D3D00EDC624 /* Main */ = {
			isa = PBXGroup;
			children = (
				042E8AD525392CC900EDC624 /* ChatsView.swift */,
				042E8AFE2539354800EDC624 /* MainContainer.swift */,
				042E8B0225393A0500EDC624 /* SettingsView.swift */,
				042E8B0525393CFB00EDC624 /* ProfileView.swift */,
			);
			path = Main;
			sourceTree = "<group>";
		};
		042E8B0B2539470100EDC624 /* Model */ = {
			isa = PBXGroup;
			children = (
				042E8B08253946FE00EDC624 /* User.swift */,
				042E8B0D2539482000EDC624 /* Networking.swift */,
			);
			path = Model;
			sourceTree = "<group>";
		};
		C4F9E549750CEDEFF76C6D53 /* Pods */ = {
			isa = PBXGroup;
			children = (
				5DA5C6B8DC5BFB56CBBC7F32 /* Pods-whatsup.debug.xcconfig */,
				304ACC104F1F8D283884D9ED /* Pods-whatsup.release.xcconfig */,
			);
			path = Pods;
			sourceTree = "<group>";
		};
		C78D814533FC5E3FDE048628 /* Frameworks */ = {
			isa = PBXGroup;
			children = (
				AEA3C8EA7DF3B455A8B512F6 /* Pods_whatsup.framework */,
			);
			name = Frameworks;
			sourceTree = "<group>";
		};
/* End PBXGroup section */

/* Begin PBXNativeTarget section */
		042E8ABA25391EB500EDC624 /* whatsup */ = {
			isa = PBXNativeTarget;
			buildConfigurationList = 042E8ACF25391EB500EDC624 /* Build configuration list for PBXNativeTarget "whatsup" */;
			buildPhases = (
				53105ECA6AB31DA5A770ED08 /* [CP] Check Pods Manifest.lock */,
				042E8AB725391EB500EDC624 /* Sources */,
				042E8AB825391EB500EDC624 /* Frameworks */,
				042E8AB925391EB500EDC624 /* Resources */,
				15A9AFB17D4637EE55724C7C /* [CP] Embed Pods Frameworks */,
			);
			buildRules = (
			);
			dependencies = (
			);
			name = whatsup;
			productName = whatsup;
			productReference = 042E8ABB25391EB500EDC624 /* whatsup.app */;
			productType = "com.apple.product-type.application";
		};
/* End PBXNativeTarget section */

/* Begin PBXProject section */
		042E8AB325391EB500EDC624 /* Project object */ = {
			isa = PBXProject;
			attributes = {
				LastSwiftUpdateCheck = 1200;
				LastUpgradeCheck = 1200;
				TargetAttributes = {
					042E8ABA25391EB500EDC624 = {
						CreatedOnToolsVersion = 12.0.1;
					};
				};
			};
			buildConfigurationList = 042E8AB625391EB500EDC624 /* Build configuration list for PBXProject "whatsup" */;
			compatibilityVersion = "Xcode 9.3";
			developmentRegion = en;
			hasScannedForEncodings = 0;
			knownRegions = (
				en,
				Base,
			);
			mainGroup = 042E8AB225391EB500EDC624;
			productRefGroup = 042E8ABC25391EB500EDC624 /* Products */;
			projectDirPath = "";
			projectRoot = "";
			targets = (
				042E8ABA25391EB500EDC624 /* whatsup */,
			);
		};
/* End PBXProject section */

/* Begin PBXResourcesBuildPhase section */
		042E8AB925391EB500EDC624 /* Resources */ = {
			isa = PBXResourcesBuildPhase;
			buildActionMask = 2147483647;
			files = (
				042E8ACB25391EB500EDC624 /* LaunchScreen.storyboard in Resources */,
				042E8ADB25392D9800EDC624 /* GoogleService-Info.plist in Resources */,
				042E8AC825391EB500EDC624 /* Preview Assets.xcassets in Resources */,
				042E8AC525391EB500EDC624 /* Assets.xcassets in Resources */,
			);
			runOnlyForDeploymentPostprocessing = 0;
		};
/* End PBXResourcesBuildPhase section */

/* Begin PBXShellScriptBuildPhase section */
		15A9AFB17D4637EE55724C7C /* [CP] Embed Pods Frameworks */ = {
			isa = PBXShellScriptBuildPhase;
			buildActionMask = 2147483647;
			files = (
			);
			inputFileListPaths = (
				"${PODS_ROOT}/Target Support Files/Pods-whatsup/Pods-whatsup-frameworks-${CONFIGURATION}-input-files.xcfilelist",
			);
			name = "[CP] Embed Pods Frameworks";
			outputFileListPaths = (
				"${PODS_ROOT}/Target Support Files/Pods-whatsup/Pods-whatsup-frameworks-${CONFIGURATION}-output-files.xcfilelist",
			);
			runOnlyForDeploymentPostprocessing = 0;
			shellPath = /bin/sh;
			shellScript = "\"${PODS_ROOT}/Target Support Files/Pods-whatsup/Pods-whatsup-frameworks.sh\"\n";
			showEnvVarsInLog = 0;
		};
		53105ECA6AB31DA5A770ED08 /* [CP] Check Pods Manifest.lock */ = {
			isa = PBXShellScriptBuildPhase;
			buildActionMask = 2147483647;
			files = (
			);
			inputFileListPaths = (
			);
			inputPaths = (
				"${PODS_PODFILE_DIR_PATH}/Podfile.lock",
				"${PODS_ROOT}/Manifest.lock",
			);
			name = "[CP] Check Pods Manifest.lock";
			outputFileListPaths = (
			);
			outputPaths = (
				"$(DERIVED_FILE_DIR)/Pods-whatsup-checkManifestLockResult.txt",
			);
			runOnlyForDeploymentPostprocessing = 0;
			shellPath = /bin/sh;
			shellScript = "diff \"${PODS_PODFILE_DIR_PATH}/Podfile.lock\" \"${PODS_ROOT}/Manifest.lock\" > /dev/null\nif [ $? != 0 ] ; then\n    # print error to STDERR\n    echo \"error: The sandbox is not in sync with the Podfile.lock. Run 'pod install' or update your CocoaPods installation.\" >&2\n    exit 1\nfi\n# This output is used by Xcode 'outputs' to avoid re-running this script phase.\necho \"SUCCESS\" > \"${SCRIPT_OUTPUT_FILE_0}\"\n";
			showEnvVarsInLog = 0;
		};
/* End PBXShellScriptBuildPhase section */

/* Begin PBXSourcesBuildPhase section */
		042E8AB725391EB500EDC624 /* Sources */ = {
			isa = PBXSourcesBuildPhase;
			buildActionMask = 2147483647;
			files = (
				042E8AFC253934B900EDC624 /* IntroView.swift in Sources */,
				042E8AD625392CC900EDC624 /* ChatsView.swift in Sources */,
				042E8B0625393CFB00EDC624 /* ProfileView.swift in Sources */,
				042E8B0E2539482000EDC624 /* Networking.swift in Sources */,
				042E8ABF25391EB500EDC624 /* AppDelegate.swift in Sources */,
				042E8B0325393A0500EDC624 /* SettingsView.swift in Sources */,
				042E8AC125391EB500EDC624 /* SceneDelegate.swift in Sources */,
				042E8AF925392E2D00EDC624 /* RegisterView.swift in Sources */,
				042E8AFF2539354800EDC624 /* MainContainer.swift in Sources */,
				042E8AF625392E2300EDC624 /* LoginView.swift in Sources */,
				042E8AC325391EB500EDC624 /* ContentView.swift in Sources */,
				042E8B09253946FE00EDC624 /* User.swift in Sources */,
			);
			runOnlyForDeploymentPostprocessing = 0;
		};
/* End PBXSourcesBuildPhase section */

/* Begin PBXVariantGroup section */
		042E8AC925391EB500EDC624 /* LaunchScreen.storyboard */ = {
			isa = PBXVariantGroup;
			children = (
				042E8ACA25391EB500EDC624 /* Base */,
			);
			name = LaunchScreen.storyboard;
			sourceTree = "<group>";
		};
/* End PBXVariantGroup section */

/* Begin XCBuildConfiguration section */
		042E8ACD25391EB500EDC624 /* Debug */ = {
			isa = XCBuildConfiguration;
			buildSettings = {
				ALWAYS_SEARCH_USER_PATHS = NO;
				CLANG_ANALYZER_NONNULL = YES;
				CLANG_ANALYZER_NUMBER_OBJECT_CONVERSION = YES_AGGRESSIVE;
				CLANG_CXX_LANGUAGE_STANDARD = "gnu++14";
				CLANG_CXX_LIBRARY = "libc++";
				CLANG_ENABLE_MODULES = YES;
				CLANG_ENABLE_OBJC_ARC = YES;
				CLANG_ENABLE_OBJC_WEAK = YES;
				CLANG_WARN_BLOCK_CAPTURE_AUTORELEASING = YES;
				CLANG_WARN_BOOL_CONVERSION = YES;
				CLANG_WARN_COMMA = YES;
				CLANG_WARN_CONSTANT_CONVERSION = YES;
				CLANG_WARN_DEPRECATED_OBJC_IMPLEMENTATIONS = YES;
				CLANG_WARN_DIRECT_OBJC_ISA_USAGE = YES_ERROR;
				CLANG_WARN_DOCUMENTATION_COMMENTS = YES;
				CLANG_WARN_EMPTY_BODY = YES;
				CLANG_WARN_ENUM_CONVERSION = YES;
				CLANG_WARN_INFINITE_RECURSION = YES;
				CLANG_WARN_INT_CONVERSION = YES;
				CLANG_WARN_NON_LITERAL_NULL_CONVERSION = YES;
				CLANG_WARN_OBJC_IMPLICIT_RETAIN_SELF = YES;
				CLANG_WARN_OBJC_LITERAL_CONVERSION = YES;
				CLANG_WARN_OBJC_ROOT_CLASS = YES_ERROR;
				CLANG_WARN_QUOTED_INCLUDE_IN_FRAMEWORK_HEADER = YES;
				CLANG_WARN_RANGE_LOOP_ANALYSIS = YES;
				CLANG_WARN_STRICT_PROTOTYPES = YES;
				CLANG_WARN_SUSPICIOUS_MOVE = YES;
				CLANG_WARN_UNGUARDED_AVAILABILITY = YES_AGGRESSIVE;
				CLANG_WARN_UNREACHABLE_CODE = YES;
				CLANG_WARN__DUPLICATE_METHOD_MATCH = YES;
				COPY_PHASE_STRIP = NO;
				DEBUG_INFORMATION_FORMAT = dwarf;
				ENABLE_STRICT_OBJC_MSGSEND = YES;
				ENABLE_TESTABILITY = YES;
				GCC_C_LANGUAGE_STANDARD = gnu11;
				GCC_DYNAMIC_NO_PIC = NO;
				GCC_NO_COMMON_BLOCKS = YES;
				GCC_OPTIMIZATION_LEVEL = 0;
				GCC_PREPROCESSOR_DEFINITIONS = (
					"DEBUG=1",
					"$(inherited)",
				);
				GCC_WARN_64_TO_32_BIT_CONVERSION = YES;
				GCC_WARN_ABOUT_RETURN_TYPE = YES_ERROR;
				GCC_WARN_UNDECLARED_SELECTOR = YES;
				GCC_WARN_UNINITIALIZED_AUTOS = YES_AGGRESSIVE;
				GCC_WARN_UNUSED_FUNCTION = YES;
				GCC_WARN_UNUSED_VARIABLE = YES;
				IPHONEOS_DEPLOYMENT_TARGET = 14.0;
				MTL_ENABLE_DEBUG_INFO = INCLUDE_SOURCE;
				MTL_FAST_MATH = YES;
				ONLY_ACTIVE_ARCH = YES;
				SDKROOT = iphoneos;
				SWIFT_ACTIVE_COMPILATION_CONDITIONS = DEBUG;
				SWIFT_OPTIMIZATION_LEVEL = "-Onone";
			};
			name = Debug;
		};
		042E8ACE25391EB500EDC624 /* Release */ = {
			isa = XCBuildConfiguration;
			buildSettings = {
				ALWAYS_SEARCH_USER_PATHS = NO;
				CLANG_ANALYZER_NONNULL = YES;
				CLANG_ANALYZER_NUMBER_OBJECT_CONVERSION = YES_AGGRESSIVE;
				CLANG_CXX_LANGUAGE_STANDARD = "gnu++14";
				CLANG_CXX_LIBRARY = "libc++";
				CLANG_ENABLE_MODULES = YES;
				CLANG_ENABLE_OBJC_ARC = YES;
				CLANG_ENABLE_OBJC_WEAK = YES;
				CLANG_WARN_BLOCK_CAPTURE_AUTORELEASING = YES;
				CLANG_WARN_BOOL_CONVERSION = YES;
				CLANG_WARN_COMMA = YES;
				CLANG_WARN_CONSTANT_CONVERSION = YES;
				CLANG_WARN_DEPRECATED_OBJC_IMPLEMENTATIONS = YES;
				CLANG_WARN_DIRECT_OBJC_ISA_USAGE = YES_ERROR;
				CLANG_WARN_DOCUMENTATION_COMMENTS = YES;
				CLANG_WARN_EMPTY_BODY = YES;
				CLANG_WARN_ENUM_CONVERSION = YES;
				CLANG_WARN_INFINITE_RECURSION = YES;
				CLANG_WARN_INT_CONVERSION = YES;
				CLANG_WARN_NON_LITERAL_NULL_CONVERSION = YES;
				CLANG_WARN_OBJC_IMPLICIT_RETAIN_SELF = YES;
				CLANG_WARN_OBJC_LITERAL_CONVERSION = YES;
				CLANG_WARN_OBJC_ROOT_CLASS = YES_ERROR;
				CLANG_WARN_QUOTED_INCLUDE_IN_FRAMEWORK_HEADER = YES;
				CLANG_WARN_RANGE_LOOP_ANALYSIS = YES;
				CLANG_WARN_STRICT_PROTOTYPES = YES;
				CLANG_WARN_SUSPICIOUS_MOVE = YES;
				CLANG_WARN_UNGUARDED_AVAILABILITY = YES_AGGRESSIVE;
				CLANG_WARN_UNREACHABLE_CODE = YES;
				CLANG_WARN__DUPLICATE_METHOD_MATCH = YES;
				COPY_PHASE_STRIP = NO;
				DEBUG_INFORMATION_FORMAT = "dwarf-with-dsym";
				ENABLE_NS_ASSERTIONS = NO;
				ENABLE_STRICT_OBJC_MSGSEND = YES;
				GCC_C_LANGUAGE_STANDARD = gnu11;
				GCC_NO_COMMON_BLOCKS = YES;
				GCC_WARN_64_TO_32_BIT_CONVERSION = YES;
				GCC_WARN_ABOUT_RETURN_TYPE = YES_ERROR;
				GCC_WARN_UNDECLARED_SELECTOR = YES;
				GCC_WARN_UNINITIALIZED_AUTOS = YES_AGGRESSIVE;
				GCC_WARN_UNUSED_FUNCTION = YES;
				GCC_WARN_UNUSED_VARIABLE = YES;
				IPHONEOS_DEPLOYMENT_TARGET = 14.0;
				MTL_ENABLE_DEBUG_INFO = NO;
				MTL_FAST_MATH = YES;
				SDKROOT = iphoneos;
				SWIFT_COMPILATION_MODE = wholemodule;
				SWIFT_OPTIMIZATION_LEVEL = "-O";
				VALIDATE_PRODUCT = YES;
			};
			name = Release;
		};
		042E8AD025391EB500EDC624 /* Debug */ = {
			isa = XCBuildConfiguration;
			baseConfigurationReference = 5DA5C6B8DC5BFB56CBBC7F32 /* Pods-whatsup.debug.xcconfig */;
			buildSettings = {
				ASSETCATALOG_COMPILER_APPICON_NAME = AppIcon;
				ASSETCATALOG_COMPILER_GLOBAL_ACCENT_COLOR_NAME = AccentColor;
				CODE_SIGN_STYLE = Automatic;
				DEVELOPMENT_ASSET_PATHS = "\"whatsup/Preview Content\"";
				DEVELOPMENT_TEAM = SWR83G7DDM;
				ENABLE_PREVIEWS = YES;
				INFOPLIST_FILE = whatsup/Info.plist;
				LD_RUNPATH_SEARCH_PATHS = (
					"$(inherited)",
					"@executable_path/Frameworks",
				);
				PRODUCT_BUNDLE_IDENTIFIER = com.addindev.whatsup;
				PRODUCT_NAME = "$(TARGET_NAME)";
				SWIFT_VERSION = 5.0;
				TARGETED_DEVICE_FAMILY = "1,2";
			};
			name = Debug;
		};
		042E8AD125391EB500EDC624 /* Release */ = {
			isa = XCBuildConfiguration;
			baseConfigurationReference = 304ACC104F1F8D283884D9ED /* Pods-whatsup.release.xcconfig */;
			buildSettings = {
				ASSETCATALOG_COMPILER_APPICON_NAME = AppIcon;
				ASSETCATALOG_COMPILER_GLOBAL_ACCENT_COLOR_NAME = AccentColor;
				CODE_SIGN_STYLE = Automatic;
				DEVELOPMENT_ASSET_PATHS = "\"whatsup/Preview Content\"";
				DEVELOPMENT_TEAM = SWR83G7DDM;
				ENABLE_PREVIEWS = YES;
				INFOPLIST_FILE = whatsup/Info.plist;
				LD_RUNPATH_SEARCH_PATHS = (
					"$(inherited)",
					"@executable_path/Frameworks",
				);
				PRODUCT_BUNDLE_IDENTIFIER = com.addindev.whatsup;
				PRODUCT_NAME = "$(TARGET_NAME)";
				SWIFT_VERSION = 5.0;
				TARGETED_DEVICE_FAMILY = "1,2";
			};
			name = Release;
		};
/* End XCBuildConfiguration section */

/* Begin XCConfigurationList section */
		042E8AB625391EB500EDC624 /* Build configuration list for PBXProject "whatsup" */ = {
			isa = XCConfigurationList;
			buildConfigurations = (
				042E8ACD25391EB500EDC624 /* Debug */,
				042E8ACE25391EB500EDC624 /* Release */,
			);
			defaultConfigurationIsVisible = 0;
			defaultConfigurationName = Release;
		};
		042E8ACF25391EB500EDC624 /* Build configuration list for PBXNativeTarget "whatsup" */ = {
			isa = XCConfigurationList;
			buildConfigurations = (
				042E8AD025391EB500EDC624 /* Debug */,
				042E8AD125391EB500EDC624 /* Release */,
			);
			defaultConfigurationIsVisible = 0;
			defaultConfigurationName = Release;
		};
/* End XCConfigurationList section */
	};
	rootObject = 042E8AB325391EB500EDC624 /* Project object */;
}
